
Microsoft Visual Studio Solution File, Format Version 12.00
# Visual Studio Version 17
VisualStudioVersion = 17.4.33122.133
MinimumVisualStudioVersion = 10.0.40219.1
Project("{FAE04EC0-301F-11D3-BF4B-00C04F79EFBC}") = "NvidiaMaxine.VideoEffects", "NvidiaMaxine.VideoEffects\NvidiaMaxine.VideoEffects.csproj", "{B9A5CD40-4843-4174-8AC8-F73BE5ABDB4B}"
EndProject
Global
	GlobalSection(SolutionConfigurationPlatforms) = preSolution
		Debug|Any CPU = Debug|Any CPU
		Release|Any CPU = Release|Any CPU
	EndGlobalSection
	GlobalSection(ProjectConfigurationPlatforms) = postSolution
		{B9A5CD40-4843-4174-8AC8-F73BE5ABDB4B}.Debug|Any CPU.ActiveCfg = Debug|Any CPU
		{B9A5CD40-4843-4174-8AC8-F73BE5ABDB4B}.Debug|Any CPU.Build.0 = Debug|Any CPU
		{B9A5CD40-4843-4174-8AC8-F73BE5ABDB4B}.Release|Any CPU.ActiveCfg = Release|Any CPU
		{B9A5CD40-4843-4174-8AC8-F73BE5ABDB4B}.Release|Any CPU.Build.0 = Release|Any CPU
	EndGlobalSection
	GlobalSection(SolutionProperties) = preSolution
		HideSolutionNode = FALSE
	EndGlobalSection
	GlobalSection(ExtensibilityGlobals) = postSolution
		SolutionGuid = {743B13BA-4D24-417E-9AC5-F07B7C6AEC67}
	EndGlobalSection
EndGlobal
